{
  "version": 4,
  "terraform_version": "1.9.5",
  "serial": 59,
  "lineage": "6b4b4050-91d7-feb6-e6d9-94586f911cd5",
  "outputs": {
    "cloudfront_distribution_id": {
      "value": "E3E9MYUT3LC84K",
      "type": "string"
    },
    "cloudfront_domain_name": {
      "value": "d2owoibyqwgf10.cloudfront.net",
      "type": "string"
    },
    "dynamodb_table_name": {
      "value": "visitor_counter_v2",
      "type": "string"
    },
    "lambda_function_name": {
      "value": "cloud-native-profile-visitor-counter",
      "type": "string"
    },
    "lambda_function_url": {
      "value": "https://ux6hopnhmvzpw3ipv2iq6q3zbq0gxgfi.lambda-url.us-east-1.on.aws/",
      "type": "string"
    },
    "s3_bucket_name": {
      "value": "www.awsbenshehab.net",
      "type": "string"
    }
  },
  "resources": [
    {
      "mode": "data",
      "type": "archive_file",
      "name": "lambda_zip",
      "provider": "provider[\"registry.terraform.io/hashicorp/archive\"]",
      "instances": [
        {
          "schema_version": 0,
          "attributes": {
            "exclude_symlink_directories": null,
            "excludes": null,
            "id": "e154fe5e75bcfc70b3000e6ee8685c285ea8adbe",
            "output_base64sha256": "CttEokZQ00XTnNlnCm1MT7etAFYKpgt9V6Kt9fSdMxU=",
            "output_base64sha512": "LXFCIQGvfh8JiOy/zZRf9Iz1oDeCq9DyEd35TE9W3X2cfSOQMFJMgiQ5QuCcQrVtmEJN1Jscpudjhll9f7IY8g==",
            "output_file_mode": null,
            "output_md5": "119952708810b47d730306cc8faf3d6e",
            "output_path": "./lambda_build/function.zip",
            "output_sha": "e154fe5e75bcfc70b3000e6ee8685c285ea8adbe",
            "output_sha256": "0adb44a24650d345d39cd9670a6d4c4fb7ad00560aa60b7d57a2adf5f49d3315",
            "output_sha512": "2d71422101af7e1f0988ecbfcd945ff48cf5a03782abd0f211ddf94c4f56dd7d9c7d239030524c82243942e09c42b56d98424dd49b1ca6e76386597d7fb218f2",
            "output_size": 863,
            "source": [],
            "source_content": null,
            "source_content_filename": null,
            "source_dir": "./lambda_src",
            "source_file": null,
            "type": "zip"
          },
          "sensitive_attributes": []
        }
      ]
    },
    {
      "mode": "data",
      "type": "aws_iam_policy_document",
      "name": "lambda_assume_role",
      "provider": "provider[\"registry.terraform.io/hashicorp/aws\"]",
      "instances": [
        {
          "schema_version": 0,
          "attributes": {
            "id": "2690255455",
            "json": "{\n  \"Version\": \"2012-10-17\",\n  \"Statement\": [\n    {\n      \"Effect\": \"Allow\",\n      \"Action\": \"sts:AssumeRole\",\n      \"Principal\": {\n        \"Service\": \"lambda.amazonaws.com\"\n      }\n    }\n  ]\n}",
            "minified_json": "{\"Version\":\"2012-10-17\",\"Statement\":[{\"Effect\":\"Allow\",\"Action\":\"sts:AssumeRole\",\"Principal\":{\"Service\":\"lambda.amazonaws.com\"}}]}",
            "override_json": null,
            "override_policy_documents": null,
            "policy_id": null,
            "source_json": null,
            "source_policy_documents": null,
            "statement": [
              {
                "actions": [
                  "sts:AssumeRole"
                ],
                "condition": [],
                "effect": "Allow",
                "not_actions": [],
                "not_principals": [],
                "not_resources": [],
                "principals": [
                  {
                    "identifiers": [
                      "lambda.amazonaws.com"
                    ],
                    "type": "Service"
                  }
                ],
                "resources": [],
                "sid": ""
              }
            ],
            "version": "2012-10-17"
          },
          "sensitive_attributes": []
        }
      ]
    },
    {
      "mode": "data",
      "type": "aws_iam_policy_document",
      "name": "lambda_policy",
      "provider": "provider[\"registry.terraform.io/hashicorp/aws\"]",
      "instances": [
        {
          "schema_version": 0,
          "attributes": {
            "id": "2490396468",
            "json": "{\n  \"Version\": \"2012-10-17\",\n  \"Statement\": [\n    {\n      \"Effect\": \"Allow\",\n      \"Action\": [\n        \"dynamodb:UpdateItem\",\n        \"dynamodb:PutItem\",\n        \"dynamodb:GetItem\"\n      ],\n      \"Resource\": \"arn:aws:dynamodb:us-east-1:991731688366:table/visitor_counter_v2\"\n    },\n    {\n      \"Effect\": \"Allow\",\n      \"Action\": [\n        \"logs:PutLogEvents\",\n        \"logs:CreateLogStream\",\n        \"logs:CreateLogGroup\"\n      ],\n      \"Resource\": \"*\"\n    }\n  ]\n}",
            "minified_json": "{\"Version\":\"2012-10-17\",\"Statement\":[{\"Effect\":\"Allow\",\"Action\":[\"dynamodb:UpdateItem\",\"dynamodb:PutItem\",\"dynamodb:GetItem\"],\"Resource\":\"arn:aws:dynamodb:us-east-1:991731688366:table/visitor_counter_v2\"},{\"Effect\":\"Allow\",\"Action\":[\"logs:PutLogEvents\",\"logs:CreateLogStream\",\"logs:CreateLogGroup\"],\"Resource\":\"*\"}]}",
            "override_json": null,
            "override_policy_documents": null,
            "policy_id": null,
            "source_json": null,
            "source_policy_documents": null,
            "statement": [
              {
                "actions": [
                  "dynamodb:GetItem",
                  "dynamodb:PutItem",
                  "dynamodb:UpdateItem"
                ],
                "condition": [],
                "effect": "Allow",
                "not_actions": [],
                "not_principals": [],
                "not_resources": [],
                "principals": [],
                "resources": [
                  "arn:aws:dynamodb:us-east-1:991731688366:table/visitor_counter_v2"
                ],
                "sid": ""
              },
              {
                "actions": [
                  "logs:CreateLogGroup",
                  "logs:CreateLogStream",
                  "logs:PutLogEvents"
                ],
                "condition": [],
                "effect": "Allow",
                "not_actions": [],
                "not_principals": [],
                "not_resources": [],
                "principals": [],
                "resources": [
                  "*"
                ],
                "sid": ""
              }
            ],
            "version": "2012-10-17"
          },
          "sensitive_attributes": []
        }
      ]
    },
    {
      "mode": "data",
      "type": "aws_iam_policy_document",
      "name": "site_bucket_policy",
      "provider": "provider[\"registry.terraform.io/hashicorp/aws\"]",
      "instances": [
        {
          "schema_version": 0,
          "attributes": {
            "id": "2412620780",
            "json": "{\n  \"Version\": \"2012-10-17\",\n  \"Statement\": [\n    {\n      \"Sid\": \"AllowCloudFrontServicePrincipalReadOnly\",\n      \"Effect\": \"Allow\",\n      \"Action\": \"s3:GetObject\",\n      \"Resource\": \"arn:aws:s3:::www.awsbenshehab.net/*\",\n      \"Principal\": {\n        \"Service\": \"cloudfront.amazonaws.com\"\n      },\n      \"Condition\": {\n        \"StringEquals\": {\n          \"AWS:SourceArn\": \"arn:aws:cloudfront::991731688366:distribution/E3E9MYUT3LC84K\"\n        }\n      }\n    }\n  ]\n}",
            "minified_json": "{\"Version\":\"2012-10-17\",\"Statement\":[{\"Sid\":\"AllowCloudFrontServicePrincipalReadOnly\",\"Effect\":\"Allow\",\"Action\":\"s3:GetObject\",\"Resource\":\"arn:aws:s3:::www.awsbenshehab.net/*\",\"Principal\":{\"Service\":\"cloudfront.amazonaws.com\"},\"Condition\":{\"StringEquals\":{\"AWS:SourceArn\":\"arn:aws:cloudfront::991731688366:distribution/E3E9MYUT3LC84K\"}}}]}",
            "override_json": null,
            "override_policy_documents": null,
            "policy_id": null,
            "source_json": null,
            "source_policy_documents": null,
            "statement": [
              {
                "actions": [
                  "s3:GetObject"
                ],
                "condition": [
                  {
                    "test": "StringEquals",
                    "values": [
                      "arn:aws:cloudfront::991731688366:distribution/E3E9MYUT3LC84K"
                    ],
                    "variable": "AWS:SourceArn"
                  }
                ],
                "effect": "Allow",
                "not_actions": [],
                "not_principals": [],
                "not_resources": [],
                "principals": [
                  {
                    "identifiers": [
                      "cloudfront.amazonaws.com"
                    ],
                    "type": "Service"
                  }
                ],
                "resources": [
                  "arn:aws:s3:::www.awsbenshehab.net/*"
                ],
                "sid": "AllowCloudFrontServicePrincipalReadOnly"
              }
            ],
            "version": "2012-10-17"
          },
          "sensitive_attributes": []
        }
      ]
    },
    {
      "mode": "managed",
      "type": "aws_cloudfront_distribution",
      "name": "cdn",
      "provider": "provider[\"registry.terraform.io/hashicorp/aws\"]",
      "instances": [
        {
          "schema_version": 1,
          "attributes": {
            "aliases": [],
            "anycast_ip_list_id": "",
            "arn": "arn:aws:cloudfront::991731688366:distribution/E3E9MYUT3LC84K",
            "caller_reference": "terraform-20260203204150600100000001",
            "comment": "cloud-native-profile CDN",
            "connection_function_association": [],
            "continuous_deployment_policy_id": "",
            "custom_error_response": [],
            "default_cache_behavior": [
              {
                "allowed_methods": [
                  "GET",
                  "HEAD",
                  "OPTIONS"
                ],
                "cache_policy_id": "",
                "cached_methods": [
                  "GET",
                  "HEAD",
                  "OPTIONS"
                ],
                "compress": false,
                "default_ttl": 3600,
                "field_level_encryption_id": "",
                "forwarded_values": [
                  {
                    "cookies": [
                      {
                        "forward": "none",
                        "whitelisted_names": []
                      }
                    ],
                    "headers": [],
                    "query_string": false,
                    "query_string_cache_keys": []
                  }
                ],
                "function_association": [],
                "grpc_config": [
                  {
                    "enabled": false
                  }
                ],
                "lambda_function_association": [],
                "max_ttl": 86400,
                "min_ttl": 0,
                "origin_request_policy_id": "",
                "realtime_log_config_arn": "",
                "response_headers_policy_id": "",
                "smooth_streaming": false,
                "target_origin_id": "s3-origin-www.awsbenshehab.net",
                "trusted_key_groups": [],
                "trusted_signers": [],
                "viewer_protocol_policy": "redirect-to-https"
              }
            ],
            "default_root_object": "index.html",
            "domain_name": "d2owoibyqwgf10.cloudfront.net",
            "enabled": true,
            "etag": "E3AEGXETSR30VB",
            "hosted_zone_id": "Z2FDTNDATAQYW2",
            "http_version": "http2",
            "id": "E3E9MYUT3LC84K",
            "in_progress_validation_batches": 0,
            "is_ipv6_enabled": false,
            "last_modified_time": "2026-02-06 15:10:29.314 +0000 UTC",
            "logging_config": [],
            "logging_v1_enabled": false,
            "ordered_cache_behavior": [],
            "origin": [
              {
                "connection_attempts": 3,
                "connection_timeout": 10,
                "custom_header": [],
                "custom_origin_config": [],
                "domain_name": "www.awsbenshehab.net.s3.us-east-1.amazonaws.com",
                "origin_access_control_id": "E2SJMLT8XOO013",
                "origin_id": "s3-origin-www.awsbenshehab.net",
                "origin_path": "",
                "origin_shield": [],
                "response_completion_timeout": 0,
                "s3_origin_config": [],
                "vpc_origin_config": []
              }
            ],
            "origin_group": [],
            "price_class": "PriceClass_100",
            "restrictions": [
              {
                "geo_restriction": [
                  {
                    "locations": [],
                    "restriction_type": "none"
                  }
                ]
              }
            ],
            "retain_on_delete": false,
            "staging": false,
            "status": "Deployed",
            "tags": {},
            "tags_all": {},
            "trusted_key_groups": [
              {
                "enabled": false,
                "items": []
              }
            ],
            "trusted_signers": [
              {
                "enabled": false,
                "items": []
              }
            ],
            "viewer_certificate": [
              {
                "acm_certificate_arn": "",
                "cloudfront_default_certificate": true,
                "iam_certificate_id": "",
                "minimum_protocol_version": "TLSv1",
                "ssl_support_method": ""
              }
            ],
            "viewer_mtls_config": [],
            "wait_for_deployment": true,
            "web_acl_id": ""
          },
          "sensitive_attributes": [],
          "private": "eyJzY2hlbWFfdmVyc2lvbiI6IjEifQ==",
          "dependencies": [
            "aws_cloudfront_origin_access_control.oac",
            "aws_s3_bucket.site"
          ]
        }
      ]
    },
    {
      "mode": "managed",
      "type": "aws_cloudfront_origin_access_control",
      "name": "oac",
      "provider": "provider[\"registry.terraform.io/hashicorp/aws\"]",
      "instances": [
        {
          "schema_version": 0,
          "attributes": {
            "arn": "arn:aws:cloudfront::991731688366:origin-access-control/E2SJMLT8XOO013",
            "description": "OAC for private S3 website bucket",
            "etag": "ETVPDKIKX0DER",
            "id": "E2SJMLT8XOO013",
            "name": "cloud-native-profile-oac",
            "origin_access_control_origin_type": "s3",
            "signing_behavior": "always",
            "signing_protocol": "sigv4"
          },
          "sensitive_attributes": [],
          "private": "bnVsbA=="
        }
      ]
    },
    {
      "mode": "managed",
      "type": "aws_dynamodb_table",
      "name": "counter",
      "provider": "provider[\"registry.terraform.io/hashicorp/aws\"]",
      "instances": [
        {
          "schema_version": 1,
          "attributes": {
            "arn": "arn:aws:dynamodb:us-east-1:991731688366:table/visitor_counter_v2",
            "attribute": [
              {
                "name": "pk",
                "type": "S"
              }
            ],
            "billing_mode": "PAY_PER_REQUEST",
            "deletion_protection_enabled": false,
            "global_secondary_index": [],
            "global_table_witness": [],
            "hash_key": "pk",
            "id": "visitor_counter_v2",
            "import_table": [],
            "local_secondary_index": [],
            "name": "visitor_counter_v2",
            "on_demand_throughput": [],
            "point_in_time_recovery": [
              {
                "enabled": false,
                "recovery_period_in_days": 0
              }
            ],
            "range_key": null,
            "read_capacity": 0,
            "region": "us-east-1",
            "replica": [],
            "restore_date_time": null,
            "restore_source_name": null,
            "restore_source_table_arn": null,
            "restore_to_latest_time": null,
            "server_side_encryption": [],
            "stream_arn": "",
            "stream_enabled": false,
            "stream_label": "",
            "stream_view_type": "",
            "table_class": "STANDARD",
            "tags": {},
            "tags_all": {},
            "timeouts": null,
            "ttl": [
              {
                "attribute_name": "",
                "enabled": false
              }
            ],
            "warm_throughput": [],
            "write_capacity": 0
          },
          "sensitive_attributes": [],
          "private": "eyJlMmJmYjczMC1lY2FhLTExZTYtOGY4OC0zNDM2M2JjN2M0YzAiOnsiY3JlYXRlIjoxODAwMDAwMDAwMDAwLCJkZWxldGUiOjYwMDAwMDAwMDAwMCwidXBkYXRlIjozNjAwMDAwMDAwMDAwfSwic2NoZW1hX3ZlcnNpb24iOiIxIn0="
        }
      ]
    },
    {
      "mode": "managed",
      "type": "aws_dynamodb_table_item",
      "name": "seed",
      "provider": "provider[\"registry.terraform.io/hashicorp/aws\"]",
      "instances": [
        {
          "schema_version": 0,
          "attributes": {
            "hash_key": "pk",
            "id": "visitor_counter_v2|pk|site#awsbenshehab",
            "item": "{\"count\":{\"N\":\"1057\"},\"pk\":{\"S\":\"site#awsbenshehab\"}}",
            "range_key": null,
            "region": "us-east-1",
            "table_name": "visitor_counter_v2"
          },
          "sensitive_attributes": [],
          "private": "bnVsbA==",
          "dependencies": [
            "aws_dynamodb_table.counter"
          ]
        }
      ]
    },
    {
      "mode": "managed",
      "type": "aws_iam_policy",
      "name": "lambda_policy",
      "provider": "provider[\"registry.terraform.io/hashicorp/aws\"]",
      "instances": [
        {
          "schema_version": 0,
          "attributes": {
            "arn": "arn:aws:iam::991731688366:policy/cloud-native-profile-lambda-policy",
            "attachment_count": 1,
            "delay_after_policy_creation_in_ms": null,
            "description": "",
            "id": "arn:aws:iam::991731688366:policy/cloud-native-profile-lambda-policy",
            "name": "cloud-native-profile-lambda-policy",
            "name_prefix": "",
            "path": "/",
            "policy": "{\"Statement\":[{\"Action\":[\"dynamodb:UpdateItem\",\"dynamodb:PutItem\",\"dynamodb:GetItem\"],\"Effect\":\"Allow\",\"Resource\":\"arn:aws:dynamodb:us-east-1:991731688366:table/visitor_counter_v2\"},{\"Action\":[\"logs:PutLogEvents\",\"logs:CreateLogStream\",\"logs:CreateLogGroup\"],\"Effect\":\"Allow\",\"Resource\":\"*\"}],\"Version\":\"2012-10-17\"}",
            "policy_id": "ANPA6NZ6QUOXERETYQGX3",
            "tags": {},
            "tags_all": {}
          },
          "sensitive_attributes": [],
          "private": "bnVsbA==",
          "dependencies": [
            "aws_dynamodb_table.counter",
            "data.aws_iam_policy_document.lambda_policy"
          ]
        }
      ]
    },
    {
      "mode": "managed",
      "type": "aws_iam_role",
      "name": "lambda_role",
      "provider": "provider[\"registry.terraform.io/hashicorp/aws\"]",
      "instances": [
        {
          "schema_version": 0,
          "attributes": {
            "arn": "arn:aws:iam::991731688366:role/cloud-native-profile-lambda-role",
            "assume_role_policy": "{\"Statement\":[{\"Action\":\"sts:AssumeRole\",\"Effect\":\"Allow\",\"Principal\":{\"Service\":\"lambda.amazonaws.com\"}}],\"Version\":\"2012-10-17\"}",
            "create_date": "2026-02-03T20:41:46Z",
            "description": "",
            "force_detach_policies": false,
            "id": "cloud-native-profile-lambda-role",
            "inline_policy": [],
            "managed_policy_arns": [
              "arn:aws:iam::991731688366:policy/cloud-native-profile-lambda-policy"
            ],
            "max_session_duration": 3600,
            "name": "cloud-native-profile-lambda-role",
            "name_prefix": "",
            "path": "/",
            "permissions_boundary": "",
            "tags": {},
            "tags_all": {},
            "unique_id": "AROA6NZ6QUOXD4TLFACU2"
          },
          "sensitive_attributes": [],
          "private": "bnVsbA==",
          "dependencies": [
            "data.aws_iam_policy_document.lambda_assume_role"
          ]
        }
      ]
    },
    {
      "mode": "managed",
      "type": "aws_iam_role_policy_attachment",
      "name": "lambda_attach",
      "provider": "provider[\"registry.terraform.io/hashicorp/aws\"]",
      "instances": [
        {
          "schema_version": 0,
          "attributes": {
            "id": "cloud-native-profile-lambda-role/arn:aws:iam::991731688366:policy/cloud-native-profile-lambda-policy",
            "policy_arn": "arn:aws:iam::991731688366:policy/cloud-native-profile-lambda-policy",
            "role": "cloud-native-profile-lambda-role"
          },
          "sensitive_attributes": [],
          "private": "bnVsbA==",
          "dependencies": [
            "aws_dynamodb_table.counter",
            "aws_iam_policy.lambda_policy",
            "aws_iam_role.lambda_role",
            "data.aws_iam_policy_document.lambda_assume_role",
            "data.aws_iam_policy_document.lambda_policy"
          ]
        }
      ]
    },
    {
      "mode": "managed",
      "type": "aws_lambda_function",
      "name": "counter",
      "provider": "provider[\"registry.terraform.io/hashicorp/aws\"]",
      "instances": [
        {
          "schema_version": 0,
          "attributes": {
            "architectures": [
              "x86_64"
            ],
            "arn": "arn:aws:lambda:us-east-1:991731688366:function:cloud-native-profile-visitor-counter",
            "capacity_provider_config": [],
            "code_sha256": "CttEokZQ00XTnNlnCm1MT7etAFYKpgt9V6Kt9fSdMxU=",
            "code_signing_config_arn": "",
            "dead_letter_config": [],
            "description": "",
            "durable_config": [],
            "environment": [
              {
                "variables": {
                  "PK_VALUE": "site#awsbenshehab",
                  "TABLE_NAME": "visitor_counter_v2"
                }
              }
            ],
            "ephemeral_storage": [
              {
                "size": 512
              }
            ],
            "file_system_config": [],
            "filename": "./lambda_build/function.zip",
            "function_name": "cloud-native-profile-visitor-counter",
            "handler": "visitor_counter.lambda_handler",
            "id": "cloud-native-profile-visitor-counter",
            "image_config": [],
            "image_uri": "",
            "invoke_arn": "arn:aws:apigateway:us-east-1:lambda:path/2015-03-31/functions/arn:aws:lambda:us-east-1:991731688366:function:cloud-native-profile-visitor-counter/invocations",
            "kms_key_arn": "",
            "last_modified": "2026-02-05T01:10:35.000+0000",
            "layers": [],
            "logging_config": [
              {
                "application_log_level": "",
                "log_format": "Text",
                "log_group": "/aws/lambda/cloud-native-profile-visitor-counter",
                "system_log_level": ""
              }
            ],
            "memory_size": 128,
            "package_type": "Zip",
            "publish": false,
            "publish_to": null,
            "qualified_arn": "arn:aws:lambda:us-east-1:991731688366:function:cloud-native-profile-visitor-counter:$LATEST",
            "qualified_invoke_arn": "arn:aws:apigateway:us-east-1:lambda:path/2015-03-31/functions/arn:aws:lambda:us-east-1:991731688366:function:cloud-native-profile-visitor-counter:$LATEST/invocations",
            "region": "us-east-1",
            "replace_security_groups_on_destroy": null,
            "replacement_security_group_ids": null,
            "reserved_concurrent_executions": -1,
            "response_streaming_invoke_arn": "arn:aws:apigateway:us-east-1:lambda:path/2021-11-15/functions/arn:aws:lambda:us-east-1:991731688366:function:cloud-native-profile-visitor-counter/response-streaming-invocations",
            "role": "arn:aws:iam::991731688366:role/cloud-native-profile-lambda-role",
            "runtime": "python3.12",
            "s3_bucket": null,
            "s3_key": null,
            "s3_object_version": null,
            "signing_job_arn": "",
            "signing_profile_version_arn": "",
            "skip_destroy": false,
            "snap_start": [],
            "source_code_hash": "CttEokZQ00XTnNlnCm1MT7etAFYKpgt9V6Kt9fSdMxU=",
            "source_code_size": 863,
            "source_kms_key_arn": "",
            "tags": {},
            "tags_all": {},
            "tenancy_config": [],
            "timeout": 3,
            "timeouts": null,
            "tracing_config": [
              {
                "mode": "PassThrough"
              }
            ],
            "version": "$LATEST",
            "vpc_config": []
          },
          "sensitive_attributes": [],
          "private": "eyJlMmJmYjczMC1lY2FhLTExZTYtOGY4OC0zNDM2M2JjN2M0YzAiOnsiY3JlYXRlIjo2MDAwMDAwMDAwMDAsImRlbGV0ZSI6NjAwMDAwMDAwMDAwLCJ1cGRhdGUiOjYwMDAwMDAwMDAwMH19",
          "dependencies": [
            "aws_dynamodb_table.counter",
            "aws_iam_role.lambda_role",
            "data.archive_file.lambda_zip",
            "data.aws_iam_policy_document.lambda_assume_role"
          ]
        }
      ]
    },
    {
      "mode": "managed",
      "type": "aws_lambda_function_url",
      "name": "counter_url",
      "provider": "provider[\"registry.terraform.io/hashicorp/aws\"]",
      "instances": [
        {
          "schema_version": 0,
          "attributes": {
            "authorization_type": "NONE",
            "cors": [
              {
                "allow_credentials": false,
                "allow_headers": [
                  "*"
                ],
                "allow_methods": [
                  "GET"
                ],
                "allow_origins": [
                  "https://d2owoibyqwgf10.cloudfront.net",
                  "https://www.awsbenshehab.net"
                ],
                "expose_headers": [],
                "max_age": 86400
              }
            ],
            "function_arn": "arn:aws:lambda:us-east-1:991731688366:function:cloud-native-profile-visitor-counter",
            "function_name": "cloud-native-profile-visitor-counter",
            "function_url": "https://ux6hopnhmvzpw3ipv2iq6q3zbq0gxgfi.lambda-url.us-east-1.on.aws/",
            "id": "cloud-native-profile-visitor-counter",
            "invoke_mode": "BUFFERED",
            "qualifier": "",
            "region": "us-east-1",
            "timeouts": null,
            "url_id": "ux6hopnhmvzpw3ipv2iq6q3zbq0gxgfi"
          },
          "sensitive_attributes": [],
          "private": "eyJlMmJmYjczMC1lY2FhLTExZTYtOGY4OC0zNDM2M2JjN2M0YzAiOnsiY3JlYXRlIjo2MDAwMDAwMDAwMDB9fQ==",
          "dependencies": [
            "aws_dynamodb_table.counter",
            "aws_iam_role.lambda_role",
            "aws_lambda_function.counter",
            "data.archive_file.lambda_zip",
            "data.aws_iam_policy_document.lambda_assume_role"
          ]
        }
      ]
    },
    {
      "mode": "managed",
      "type": "aws_s3_bucket",
      "name": "site",
      "provider": "provider[\"registry.terraform.io/hashicorp/aws\"]",
      "instances": [
        {
          "schema_version": 0,
          "attributes": {
            "acceleration_status": "",
            "acl": null,
            "arn": "arn:aws:s3:::www.awsbenshehab.net",
            "bucket": "www.awsbenshehab.net",
            "bucket_domain_name": "www.awsbenshehab.net.s3.amazonaws.com",
            "bucket_prefix": "",
            "bucket_region": "us-east-1",
            "bucket_regional_domain_name": "www.awsbenshehab.net.s3.us-east-1.amazonaws.com",
            "cors_rule": [],
            "force_destroy": false,
            "grant": [
              {
                "id": "f01379474c009c5627b1b594c0037456cd22c8c85a90ac0c05ba7337a322d8f9",
                "permissions": [
                  "FULL_CONTROL"
                ],
                "type": "CanonicalUser",
                "uri": ""
              }
            ],
            "hosted_zone_id": "Z3AQBSTGFYJSTF",
            "id": "www.awsbenshehab.net",
            "lifecycle_rule": [],
            "logging": [],
            "object_lock_configuration": [],
            "object_lock_enabled": false,
            "policy": "{\"Statement\":[{\"Action\":\"s3:GetObject\",\"Condition\":{\"StringEquals\":{\"AWS:SourceArn\":\"arn:aws:cloudfront::991731688366:distribution/E3E9MYUT3LC84K\"}},\"Effect\":\"Allow\",\"Principal\":{\"Service\":\"cloudfront.amazonaws.com\"},\"Resource\":\"arn:aws:s3:::www.awsbenshehab.net/*\",\"Sid\":\"AllowCloudFrontServicePrincipalReadOnly\"}],\"Version\":\"2012-10-17\"}",
            "region": "us-east-1",
            "replication_configuration": [],
            "request_payer": "BucketOwner",
            "server_side_encryption_configuration": [
              {
                "rule": [
                  {
                    "apply_server_side_encryption_by_default": [
                      {
                        "kms_master_key_id": "",
                        "sse_algorithm": "AES256"
                      }
                    ],
                    "bucket_key_enabled": false
                  }
                ]
              }
            ],
            "tags": {},
            "tags_all": {},
            "timeouts": null,
            "versioning": [
              {
                "enabled": false,
                "mfa_delete": false
              }
            ],
            "website": [],
            "website_domain": null,
            "website_endpoint": null
          },
          "sensitive_attributes": [],
          "private": "eyJlMmJmYjczMC1lY2FhLTExZTYtOGY4OC0zNDM2M2JjN2M0YzAiOnsiY3JlYXRlIjoxMjAwMDAwMDAwMDAwLCJkZWxldGUiOjM2MDAwMDAwMDAwMDAsInJlYWQiOjEyMDAwMDAwMDAwMDAsInVwZGF0ZSI6MTIwMDAwMDAwMDAwMH19"
        }
      ]
    },
    {
      "mode": "managed",
      "type": "aws_s3_bucket_policy",
      "name": "site",
      "provider": "provider[\"registry.terraform.io/hashicorp/aws\"]",
      "instances": [
        {
          "schema_version": 0,
          "attributes": {
            "bucket": "www.awsbenshehab.net",
            "id": "www.awsbenshehab.net",
            "policy": "{\"Statement\":[{\"Action\":\"s3:GetObject\",\"Condition\":{\"StringEquals\":{\"AWS:SourceArn\":\"arn:aws:cloudfront::991731688366:distribution/E3E9MYUT3LC84K\"}},\"Effect\":\"Allow\",\"Principal\":{\"Service\":\"cloudfront.amazonaws.com\"},\"Resource\":\"arn:aws:s3:::www.awsbenshehab.net/*\",\"Sid\":\"AllowCloudFrontServicePrincipalReadOnly\"}],\"Version\":\"2012-10-17\"}",
            "region": "us-east-1"
          },
          "sensitive_attributes": [],
          "private": "bnVsbA==",
          "dependencies": [
            "aws_cloudfront_distribution.cdn",
            "aws_cloudfront_origin_access_control.oac",
            "aws_s3_bucket.site",
            "data.aws_iam_policy_document.site_bucket_policy"
          ]
        }
      ]
    }
  ],
  "check_results": null
}
